
Microsoft Visual Studio Solution File, Format Version 12.00
# Visual Studio Version 17
VisualStudioVersion = 17.8.34408.163
MinimumVisualStudioVersion = 10.0.40219.1
Project("{FAE04EC0-301F-11D3-BF4B-00C04F79EFBC}") = "MVVMDemo", "MVVMDemo\MVVMDemo.csproj", "{A0247D09-B2B3-4CC0-BF52-FC7A02B99CF7}"
EndProject
Global
	GlobalSection(SolutionConfigurationPlatforms) = preSolution
		Debug|Any CPU = Debug|Any CPU
		Release|Any CPU = Release|Any CPU
	EndGlobalSection
	GlobalSection(ProjectConfigurationPlatforms) = postSolution
		{A0247D09-B2B3-4CC0-BF52-FC7A02B99CF7}.Debug|Any CPU.ActiveCfg = Debug|Any CPU
		{A0247D09-B2B3-4CC0-BF52-FC7A02B99CF7}.Debug|Any CPU.Build.0 = Debug|Any CPU
		{A0247D09-B2B3-4CC0-BF52-FC7A02B99CF7}.Debug|Any CPU.Deploy.0 = Debug|Any CPU
		{A0247D09-B2B3-4CC0-BF52-FC7A02B99CF7}.Release|Any CPU.ActiveCfg = Release|Any CPU
		{A0247D09-B2B3-4CC0-BF52-FC7A02B99CF7}.Release|Any CPU.Build.0 = Release|Any CPU
		{A0247D09-B2B3-4CC0-BF52-FC7A02B99CF7}.Release|Any CPU.Deploy.0 = Release|Any CPU
	EndGlobalSection
	GlobalSection(SolutionProperties) = preSolution
		HideSolutionNode = FALSE
	EndGlobalSection
	GlobalSection(ExtensibilityGlobals) = postSolution
		SolutionGuid = {082E6F58-704A-4003-8540-34A72230BF47}
	EndGlobalSection
EndGlobal
