
Microsoft Visual Studio Solution File, Format Version 12.00
# Visual Studio Version 17
VisualStudioVersion = 17.8.34408.163
MinimumVisualStudioVersion = 10.0.40219.1
Project("{FAE04EC0-301F-11D3-BF4B-00C04F79EFBC}") = "StackLayoutDemo", "StackLayoutDemo\StackLayoutDemo.csproj", "{419BDC84-502D-46A3-950B-7FEAD55911F7}"
EndProject
Global
	GlobalSection(SolutionConfigurationPlatforms) = preSolution
		Debug|Any CPU = Debug|Any CPU
		Release|Any CPU = Release|Any CPU
	EndGlobalSection
	GlobalSection(ProjectConfigurationPlatforms) = postSolution
		{419BDC84-502D-46A3-950B-7FEAD55911F7}.Debug|Any CPU.ActiveCfg = Debug|Any CPU
		{419BDC84-502D-46A3-950B-7FEAD55911F7}.Debug|Any CPU.Build.0 = Debug|Any CPU
		{419BDC84-502D-46A3-950B-7FEAD55911F7}.Debug|Any CPU.Deploy.0 = Debug|Any CPU
		{419BDC84-502D-46A3-950B-7FEAD55911F7}.Release|Any CPU.ActiveCfg = Release|Any CPU
		{419BDC84-502D-46A3-950B-7FEAD55911F7}.Release|Any CPU.Build.0 = Release|Any CPU
		{419BDC84-502D-46A3-950B-7FEAD55911F7}.Release|Any CPU.Deploy.0 = Release|Any CPU
	EndGlobalSection
	GlobalSection(SolutionProperties) = preSolution
		HideSolutionNode = FALSE
	EndGlobalSection
	GlobalSection(ExtensibilityGlobals) = postSolution
		SolutionGuid = {352D4585-B28B-4DFC-BB92-26AF51B07CB4}
	EndGlobalSection
EndGlobal
